schema: '2.0'
stages:
  preprocess:
    cmd: python src/preprocess.py
    outs:
    - path: data/processed/test.csv
      hash: md5
      md5: 6df20869e655a3fd7cd653d5a444c30e
      size: 25311
    - path: data/processed/train.csv
      hash: md5
      md5: ffaddfe6c9f86b81508a1a191d33a3fb
      size: 100470
  train:
    cmd: python src/train.py
    deps:
    - path: data/processed/train.csv
      hash: md5
      md5: ffaddfe6c9f86b81508a1a191d33a3fb
      size: 100470
    - path: src/train.py
      hash: md5
      md5: 2201e7926ebf4a64e22ab208b37e9396
      size: 2712
    outs:
    - path: models/model.pkl
      hash: md5
      md5: 34969d566b6d3ee3b7a2f3bee8b662a3
      size: 17081
  evaluate:
    cmd: python src/evaluate.py
    deps:
    - path: data/processed/test.csv
      hash: md5
      md5: 6df20869e655a3fd7cd653d5a444c30e
      size: 25311
    - path: models/model.pkl
      hash: md5
      md5: 34969d566b6d3ee3b7a2f3bee8b662a3
      size: 17081
    outs:
    - path: experiments/results.json
      hash: md5
      md5: 657cc3f55a27e5f8114300c2d528bb30
      size: 223
    - path: metric.json
      hash: md5
      md5: 985632b10a7059b3cf92a749d50cd463
      size: 64
